
Microsoft Visual Studio Solution File, Format Version 12.00
# Visual Studio Version 17
VisualStudioVersion = 17.10.35122.118
MinimumVisualStudioVersion = 10.0.40219.1
Project("{FAE04EC0-301F-11D3-BF4B-00C04F79EFBC}") = "HospitalApplicationAPI", "HospitalApplicationAPI\HospitalApplicationAPI.csproj", "{54C2639A-5F6E-4D20-9A09-E28BF2C42C10}"
EndProject
Global
	GlobalSection(SolutionConfigurationPlatforms) = preSolution
		Debug|Any CPU = Debug|Any CPU
		Release|Any CPU = Release|Any CPU
	EndGlobalSection
	GlobalSection(ProjectConfigurationPlatforms) = postSolution
		{54C2639A-5F6E-4D20-9A09-E28BF2C42C10}.Debug|Any CPU.ActiveCfg = Debug|Any CPU
		{54C2639A-5F6E-4D20-9A09-E28BF2C42C10}.Debug|Any CPU.Build.0 = Debug|Any CPU
		{54C2639A-5F6E-4D20-9A09-E28BF2C42C10}.Release|Any CPU.ActiveCfg = Release|Any CPU
		{54C2639A-5F6E-4D20-9A09-E28BF2C42C10}.Release|Any CPU.Build.0 = Release|Any CPU
	EndGlobalSection
	GlobalSection(SolutionProperties) = preSolution
		HideSolutionNode = FALSE
	EndGlobalSection
	GlobalSection(ExtensibilityGlobals) = postSolution
		SolutionGuid = {2665AADD-2C08-42DE-990B-CB5332A95F25}
	EndGlobalSection
EndGlobal
